
Microsoft Visual Studio Solution File, Format Version 12.00
# Visual Studio Version 17
VisualStudioVersion = 17.1.32127.271
MinimumVisualStudioVersion = 10.0.40219.1
Project("{FAE04EC0-301F-11D3-BF4B-00C04F79EFBC}") = "Lab11Wpf", "Lab11Wpf\Lab11Wpf.csproj", "{ADCA9A94-48A4-4B68-BAAB-EAD80A58F8C6}"
EndProject
Global
	GlobalSection(SolutionConfigurationPlatforms) = preSolution
		Debug|Any CPU = Debug|Any CPU
		Release|Any CPU = Release|Any CPU
	EndGlobalSection
	GlobalSection(ProjectConfigurationPlatforms) = postSolution
		{ADCA9A94-48A4-4B68-BAAB-EAD80A58F8C6}.Debug|Any CPU.ActiveCfg = Debug|Any CPU
		{ADCA9A94-48A4-4B68-BAAB-EAD80A58F8C6}.Debug|Any CPU.Build.0 = Debug|Any CPU
		{ADCA9A94-48A4-4B68-BAAB-EAD80A58F8C6}.Release|Any CPU.ActiveCfg = Release|Any CPU
		{ADCA9A94-48A4-4B68-BAAB-EAD80A58F8C6}.Release|Any CPU.Build.0 = Release|Any CPU
	EndGlobalSection
	GlobalSection(SolutionProperties) = preSolution
		HideSolutionNode = FALSE
	EndGlobalSection
	GlobalSection(ExtensibilityGlobals) = postSolution
		SolutionGuid = {E111AE96-3FBE-4D53-B266-A15FFAD6D5D8}
	EndGlobalSection
EndGlobal
